
Microsoft Visual Studio Solution File, Format Version 12.00
# 
Project("{FAE04EC0-301F-11D3-BF4B-00C04F79EFBC}") = "Xprema.Management", "Xprema.Management\Xprema.Management.csproj", "{A636C4F5-CC3C-4C7F-867E-233AAF71530D}"
EndProject
Project("{FAE04EC0-301F-11D3-BF4B-00C04F79EFBC}") = "Xprema.Managment.Application", "Xprema.Managment.Application\Xprema.Managment.Application.csproj", "{67EA7072-4C38-49C7-BFB7-8319CF4F6C37}"
EndProject
Project("{FAE04EC0-301F-11D3-BF4B-00C04F79EFBC}") = "Xprema.Framework", "Xprema.Framework\Xprema.Framework.csproj", "{AAACBC8B-1B8D-4823-992E-18ADC7D98CB0}"
EndProject
Project("{2150E333-8FDC-42A3-9474-1A3956D46DE8}") = "src", "src", "{B399593D-C26B-425B-B981-4DDD3B9B2CEC}"
EndProject
Project("{2150E333-8FDC-42A3-9474-1A3956D46DE8}") = "test", "test", "{4F1D2C6F-B6EE-435A-B65F-F48EEC1F2731}"
EndProject
Project("{FAE04EC0-301F-11D3-BF4B-00C04F79EFBC}") = "Xprema.Framework.tests", "Xprema.Framework.tests\Xprema.Framework.tests.csproj", "{0FD558EF-5EAE-48B9-9947-B5F0B24FBA9F}"
EndProject
Project("{2150E333-8FDC-42A3-9474-1A3956D46DE8}") = "ManagmentSystem", "ManagmentSystem", "{7F3D31BA-93BD-8B7F-2781-E097651C932B}"
EndProject
Project("{FAE04EC0-301F-11D3-BF4B-00C04F79EFBC}") = "Xprema.Managment.Domain", "src\ManagmentSystem\Xprema.Managment.Domain\Xprema.Managment.Domain.csproj", "{BD52A0D4-83DA-4F31-9746-CE3E57841C75}"
EndProject
Project("{2150E333-8FDC-42A3-9474-1A3956D46DE8}") = "Framework", "Framework", "{1813D1B8-805C-4FA0-B692-3AABCA23F35A}"
EndProject
Project("{FAE04EC0-301F-11D3-BF4B-00C04F79EFBC}") = "Xprema.Managment.Application.Contracts", "src\ManagmentSystem\Xprema.Managment.Application.Contracts\Xprema.Managment.Application.Contracts.csproj", "{C59F79B1-F2AA-49D4-94F9-24D30B1828CA}"
EndProject
Project("{FAE04EC0-301F-11D3-BF4B-00C04F79EFBC}") = "Xprema.Managment.EntityFrameworkCore", "src\ManagmentSystem\Xprema.Managment.EntityFrameworkCore\Xprema.Managment.EntityFrameworkCore.csproj", "{F6249F53-D347-41A0-AD02-8C08AF33D321}"
EndProject
Project("{FAE04EC0-301F-11D3-BF4B-00C04F79EFBC}") = "Xprema.Managment.HttpApi.Host", "src\ManagmentSystem\Xprema.Managment.HttpApi.Host\Xprema.Managment.HttpApi.Host.csproj", "{89E23018-ECD0-4C61-A277-FC17C5690BF2}"
EndProject
Project("{FAE04EC0-301F-11D3-BF4B-00C04F79EFBC}") = "Xprema.Managment.Tests", "test\Xprema.Managment.Tests\Xprema.Managment.Tests.csproj", "{4F2CB2B8-EE04-428C-B910-A1EA1B8AB2E7}"
EndProject
Project("{FAE04EC0-301F-11D3-BF4B-00C04F79EFBC}") = "Xprema.Managment.UnitTests", "test\Xprema.Managment.UnitTests\Xprema.Managment.UnitTests.csproj", "{BD629260-77B7-4F6B-92C3-107BBAEBD843}"
EndProject
Global
	GlobalSection(SolutionConfigurationPlatforms) = preSolution
		Debug|Any CPU = Debug|Any CPU
		Release|Any CPU = Release|Any CPU
	EndGlobalSection
	GlobalSection(ProjectConfigurationPlatforms) = postSolution
		{A636C4F5-CC3C-4C7F-867E-233AAF71530D}.Debug|Any CPU.ActiveCfg = Debug|Any CPU
		{A636C4F5-CC3C-4C7F-867E-233AAF71530D}.Debug|Any CPU.Build.0 = Debug|Any CPU
		{A636C4F5-CC3C-4C7F-867E-233AAF71530D}.Release|Any CPU.ActiveCfg = Release|Any CPU
		{A636C4F5-CC3C-4C7F-867E-233AAF71530D}.Release|Any CPU.Build.0 = Release|Any CPU
		{67EA7072-4C38-49C7-BFB7-8319CF4F6C37}.Debug|Any CPU.ActiveCfg = Debug|Any CPU
		{67EA7072-4C38-49C7-BFB7-8319CF4F6C37}.Debug|Any CPU.Build.0 = Debug|Any CPU
		{67EA7072-4C38-49C7-BFB7-8319CF4F6C37}.Release|Any CPU.ActiveCfg = Release|Any CPU
		{67EA7072-4C38-49C7-BFB7-8319CF4F6C37}.Release|Any CPU.Build.0 = Release|Any CPU
		{AAACBC8B-1B8D-4823-992E-18ADC7D98CB0}.Debug|Any CPU.ActiveCfg = Debug|Any CPU
		{AAACBC8B-1B8D-4823-992E-18ADC7D98CB0}.Debug|Any CPU.Build.0 = Debug|Any CPU
		{AAACBC8B-1B8D-4823-992E-18ADC7D98CB0}.Release|Any CPU.ActiveCfg = Release|Any CPU
		{AAACBC8B-1B8D-4823-992E-18ADC7D98CB0}.Release|Any CPU.Build.0 = Release|Any CPU
		{0FD558EF-5EAE-48B9-9947-B5F0B24FBA9F}.Debug|Any CPU.ActiveCfg = Debug|Any CPU
		{0FD558EF-5EAE-48B9-9947-B5F0B24FBA9F}.Debug|Any CPU.Build.0 = Debug|Any CPU
		{0FD558EF-5EAE-48B9-9947-B5F0B24FBA9F}.Release|Any CPU.ActiveCfg = Release|Any CPU
		{0FD558EF-5EAE-48B9-9947-B5F0B24FBA9F}.Release|Any CPU.Build.0 = Release|Any CPU
		{BD52A0D4-83DA-4F31-9746-CE3E57841C75}.Debug|Any CPU.ActiveCfg = Debug|Any CPU
		{BD52A0D4-83DA-4F31-9746-CE3E57841C75}.Debug|Any CPU.Build.0 = Debug|Any CPU
		{BD52A0D4-83DA-4F31-9746-CE3E57841C75}.Release|Any CPU.ActiveCfg = Release|Any CPU
		{BD52A0D4-83DA-4F31-9746-CE3E57841C75}.Release|Any CPU.Build.0 = Release|Any CPU
		{C59F79B1-F2AA-49D4-94F9-24D30B1828CA}.Debug|Any CPU.ActiveCfg = Debug|Any CPU
		{C59F79B1-F2AA-49D4-94F9-24D30B1828CA}.Debug|Any CPU.Build.0 = Debug|Any CPU
		{C59F79B1-F2AA-49D4-94F9-24D30B1828CA}.Release|Any CPU.ActiveCfg = Release|Any CPU
		{C59F79B1-F2AA-49D4-94F9-24D30B1828CA}.Release|Any CPU.Build.0 = Release|Any CPU
		{F6249F53-D347-41A0-AD02-8C08AF33D321}.Debug|Any CPU.ActiveCfg = Debug|Any CPU
		{F6249F53-D347-41A0-AD02-8C08AF33D321}.Debug|Any CPU.Build.0 = Debug|Any CPU
		{F6249F53-D347-41A0-AD02-8C08AF33D321}.Release|Any CPU.ActiveCfg = Release|Any CPU
		{F6249F53-D347-41A0-AD02-8C08AF33D321}.Release|Any CPU.Build.0 = Release|Any CPU
		{89E23018-ECD0-4C61-A277-FC17C5690BF2}.Debug|Any CPU.ActiveCfg = Debug|Any CPU
		{89E23018-ECD0-4C61-A277-FC17C5690BF2}.Debug|Any CPU.Build.0 = Debug|Any CPU
		{89E23018-ECD0-4C61-A277-FC17C5690BF2}.Release|Any CPU.ActiveCfg = Release|Any CPU
		{89E23018-ECD0-4C61-A277-FC17C5690BF2}.Release|Any CPU.Build.0 = Release|Any CPU
		{4F2CB2B8-EE04-428C-B910-A1EA1B8AB2E7}.Debug|Any CPU.ActiveCfg = Debug|Any CPU
		{4F2CB2B8-EE04-428C-B910-A1EA1B8AB2E7}.Debug|Any CPU.Build.0 = Debug|Any CPU
		{4F2CB2B8-EE04-428C-B910-A1EA1B8AB2E7}.Release|Any CPU.ActiveCfg = Release|Any CPU
		{4F2CB2B8-EE04-428C-B910-A1EA1B8AB2E7}.Release|Any CPU.Build.0 = Release|Any CPU
		{BD629260-77B7-4F6B-92C3-107BBAEBD843}.Debug|Any CPU.ActiveCfg = Debug|Any CPU
		{BD629260-77B7-4F6B-92C3-107BBAEBD843}.Debug|Any CPU.Build.0 = Debug|Any CPU
		{BD629260-77B7-4F6B-92C3-107BBAEBD843}.Release|Any CPU.ActiveCfg = Release|Any CPU
		{BD629260-77B7-4F6B-92C3-107BBAEBD843}.Release|Any CPU.Build.0 = Release|Any CPU
	EndGlobalSection
	GlobalSection(SolutionProperties) = preSolution
		HideSolutionNode = FALSE
	EndGlobalSection
	GlobalSection(NestedProjects) = preSolution
		{0FD558EF-5EAE-48B9-9947-B5F0B24FBA9F} = {4F1D2C6F-B6EE-435A-B65F-F48EEC1F2731}
		{7F3D31BA-93BD-8B7F-2781-E097651C932B} = {B399593D-C26B-425B-B981-4DDD3B9B2CEC}
		{A636C4F5-CC3C-4C7F-867E-233AAF71530D} = {7F3D31BA-93BD-8B7F-2781-E097651C932B}
		{67EA7072-4C38-49C7-BFB7-8319CF4F6C37} = {7F3D31BA-93BD-8B7F-2781-E097651C932B}
		{BD52A0D4-83DA-4F31-9746-CE3E57841C75} = {7F3D31BA-93BD-8B7F-2781-E097651C932B}
		{1813D1B8-805C-4FA0-B692-3AABCA23F35A} = {B399593D-C26B-425B-B981-4DDD3B9B2CEC}
		{AAACBC8B-1B8D-4823-992E-18ADC7D98CB0} = {1813D1B8-805C-4FA0-B692-3AABCA23F35A}
		{C59F79B1-F2AA-49D4-94F9-24D30B1828CA} = {7F3D31BA-93BD-8B7F-2781-E097651C932B}
		{F6249F53-D347-41A0-AD02-8C08AF33D321} = {7F3D31BA-93BD-8B7F-2781-E097651C932B}
		{89E23018-ECD0-4C61-A277-FC17C5690BF2} = {7F3D31BA-93BD-8B7F-2781-E097651C932B}
		{4F2CB2B8-EE04-428C-B910-A1EA1B8AB2E7} = {4F1D2C6F-B6EE-435A-B65F-F48EEC1F2731}
		{BD629260-77B7-4F6B-92C3-107BBAEBD843} = {4F1D2C6F-B6EE-435A-B65F-F48EEC1F2731}
	EndGlobalSection
EndGlobal
